
Microsoft Visual Studio Solution File, Format Version 12.00
# Visual Studio Version 16
VisualStudioVersion = 16.0.31613.86
MinimumVisualStudioVersion = 10.0.40219.1
Project("{FAE04EC0-301F-11D3-BF4B-00C04F79EFBC}") = "Test", "Test\Test.csproj", "{6FAF4CBB-CDEA-4393-9B1D-E82C20E11FCA}"
EndProject
Global
	GlobalSection(SolutionConfigurationPlatforms) = preSolution
		Debug|Any CPU = Debug|Any CPU
		Release|Any CPU = Release|Any CPU
	EndGlobalSection
	GlobalSection(ProjectConfigurationPlatforms) = postSolution
		{6FAF4CBB-CDEA-4393-9B1D-E82C20E11FCA}.Debug|Any CPU.ActiveCfg = Debug|Any CPU
		{6FAF4CBB-CDEA-4393-9B1D-E82C20E11FCA}.Debug|Any CPU.Build.0 = Debug|Any CPU
		{6FAF4CBB-CDEA-4393-9B1D-E82C20E11FCA}.Release|Any CPU.ActiveCfg = Release|Any CPU
		{6FAF4CBB-CDEA-4393-9B1D-E82C20E11FCA}.Release|Any CPU.Build.0 = Release|Any CPU
	EndGlobalSection
	GlobalSection(SolutionProperties) = preSolution
		HideSolutionNode = FALSE
	EndGlobalSection
	GlobalSection(ExtensibilityGlobals) = postSolution
		SolutionGuid = {E141BA71-88CD-4747-A417-12C6B60CFAEF}
	EndGlobalSection
EndGlobal
